
Microsoft Visual Studio Solution File, Format Version 12.00
# Visual Studio 15
VisualStudioVersion = 15.0.27703.2042
MinimumVisualStudioVersion = 10.0.40219.1
Project("{888888A0-9F3D-457C-B088-3A5042F75D52}") = "pod_exporter", "pod_exporter\pod_exporter.pyproj", "{2A6B2447-846E-41DA-A4AB-2C52E0F60D04}"
EndProject
Global
	GlobalSection(SolutionConfigurationPlatforms) = preSolution
		Debug|Any CPU = Debug|Any CPU
		Release|Any CPU = Release|Any CPU
	EndGlobalSection
	GlobalSection(ProjectConfigurationPlatforms) = postSolution
		{2A6B2447-846E-41DA-A4AB-2C52E0F60D04}.Debug|Any CPU.ActiveCfg = Debug|Any CPU
		{2A6B2447-846E-41DA-A4AB-2C52E0F60D04}.Release|Any CPU.ActiveCfg = Release|Any CPU
	EndGlobalSection
	GlobalSection(SolutionProperties) = preSolution
		HideSolutionNode = FALSE
	EndGlobalSection
	GlobalSection(ExtensibilityGlobals) = postSolution
		SolutionGuid = {F1B8FB99-9868-4EA5-9D15-7DFCF813BFD9}
	EndGlobalSection
EndGlobal
